0{"acquired_unix_ns":1786762610907319400,"acquired_utc":"2026-08-15T02:56:50.907319+00:00","heartbeat_unix_ns":1786762610907319400,"heartbeat_utc":"2026-08-15T02:56:50.907319+00:00","hostname":"DESKTOP-8JV854D","pid":25148,"process_start_fingerprint":"e14ddc62bbcba4fe943e8b224f51c76747039755da8dad12c20e5bbd7baf50ed","released_unix_ns":1786762610967405600,"released_utc":"2026-08-15T02:56:50.967406+00:00","schema_version":"1.0","state":"released","token":"572a564bcec33f15749f6e5563ccde3a"}