0{"acquired_unix_ns":1787427396744693800,"acquired_utc":"2026-08-22T19:36:36.744694+00:00","heartbeat_unix_ns":1787427396744693800,"heartbeat_utc":"2026-08-22T19:36:36.744694+00:00","hostname":"DESKTOP-8JV854D","pid":35580,"process_start_fingerprint":"7a270b8bd476e43f725c3e9efac57ec6b92665729f6afa157badd74ebb1dafcc","released_unix_ns":1787427398222946100,"released_utc":"2026-08-22T19:36:38.222946+00:00","schema_version":"1.0","state":"released","token":"1071741383991b6494d2c31e1da042c4"}