0{"acquired_unix_ns":1787547221569994100,"acquired_utc":"2026-08-24T04:53:41.569994+00:00","heartbeat_unix_ns":1787547221569994100,"heartbeat_utc":"2026-08-24T04:53:41.569994+00:00","hostname":"DESKTOP-8JV854D","pid":29484,"process_start_fingerprint":"3e4af09cdbb48b0b29d3f9b06d0e550bbe53a038bd6d8478bf5f0782f332792f","released_unix_ns":1787547223040159600,"released_utc":"2026-08-24T04:53:43.040160+00:00","schema_version":"1.0","state":"released","token":"1b8c801379506b481c9f02250bcfa5e9"}