0{"acquired_unix_ns":1787513219460144300,"acquired_utc":"2026-08-23T19:26:59.460144+00:00","heartbeat_unix_ns":1787513219460144300,"heartbeat_utc":"2026-08-23T19:26:59.460144+00:00","hostname":"DESKTOP-8JV854D","pid":16536,"process_start_fingerprint":"bd4a2d31a88673b09188c353b6e2610c0d122ac012bff5c2f4927267066c65b5","released_unix_ns":1787513220930102300,"released_utc":"2026-08-23T19:27:00.930102+00:00","schema_version":"1.0","state":"released","token":"7b580b33ecff322a61a3e49443c5a000"}