0{"acquired_unix_ns":1787270451495890900,"acquired_utc":"2026-08-21T00:00:51.495891+00:00","heartbeat_unix_ns":1787270451495890900,"heartbeat_utc":"2026-08-21T00:00:51.495891+00:00","hostname":"DESKTOP-8JV854D","pid":30340,"process_start_fingerprint":"f24917a19131920d74e4c9a11d5655d8943f09e1bbe6d590bbdd3a79e49bb45a","released_unix_ns":1787270451571618800,"released_utc":"2026-08-21T00:00:51.571619+00:00","schema_version":"1.0","state":"released","token":"10d6aa5c78ef5751a79391e503b8e122"}