# PACIFY-X release and CI toolchain for every supported CPython/runner combination.
# Versions are exact; hashes allow only the matching Windows, Linux, or macOS wheels.
build==1.5.0 --hash=sha256:13f3eecb844759ab66efec90ca17639bbf14dc06cb2fdf37a9010322d9c50a6f
colorama==0.4.6 --hash=sha256:4f1d9991f5acc0ca119f9d443620b77f9d6b33703e51011c16baf57afb285fc6
coverage==7.15.2 \
    --hash=sha256:2f1ec6f304b156669cfde653b4e9a953f5de87e247ea02ac599bce0ab2744036 \
    --hash=sha256:4d3361879d736f469f45723c11ea1a5bbdaf1f6928f0e632c940378b5aa9b660 \
    --hash=sha256:d50dd325e18ec25bfcc10cd7f99b04df1ab9ec76b0918c260e60817ad0643dee \
    --hash=sha256:8bb9f4b4279187560796a4cdaca3b0a93dd97e48ee667df005f4ed9a97403688 \
    --hash=sha256:1adac78e5abc7c5438f7a209c9ca69d06542f0bf481d728b6989ea80b813fdf9 \
    --hash=sha256:b868acc62aa5de3be7a9d05c2333bf8359ca987e43f9cb30ff8fbda6a024ab73 \
    --hash=sha256:68af907f595ab01a78f794932ff3bdf929c316d3000810d38dbc247129e26f8b \
    --hash=sha256:582edc45c2040543fef83341be23c43024a3ab3ae0c2d8bc498a06282905ad40 \
    --hash=sha256:1121caa19159a38b5463eaae4b1e1fde81e525b15ecc5e000cd5b1a108f743a8 \
    --hash=sha256:a300c6934e0989c327b9e8a1e110329da4641149f872bbe9f70168be66da76c1 \
    --hash=sha256:7dc2950a2992cd676d35c20ae63522836deeb034f08874699d14068710af3dc1 \
    --hash=sha256:26c3b04a6377fd7c09800921fa934e3a17c0020439cd59df73e73ae1d4b6a78c \
    --hash=sha256:40f633c5c5fc783732f6312280122e859538fa24461235597c13d803ea9a108a \
    --hash=sha256:075560438765b7a2ef43bf7aa7758661b53d889df47f062a31bda6c1ade553a2 \
    --hash=sha256:b9a6367e4aff723e8ee8190836836124284e8fcd4265e307c844010cfa074f3f \
    --hash=sha256:9911f31aad8906abe337c271343485cf20df5e70df5d2f57f9f136e7b55f26bc \
    --hash=sha256:eb6bcae8d1a9d305351ecb108232441d11c5cfe9de840a04388ba5d2db8d735c
iniconfig==2.3.0 --hash=sha256:f631c04d2c48c52b84d0d0549c99ff3859c98df65b3101406327ecc7d53fbf12
packaging==26.2 --hash=sha256:5fc45236b9446107ff2415ce77c807cee2862cb6fac22b8a73826d0693b0980e
pluggy==1.6.0 --hash=sha256:e920276dd6813095e9377c0bc5566d94c932c33b27a3e3945d8389c374dd4746
Pygments==2.20.0 --hash=sha256:81a9e26dd42fd28a23a2d169d86d7ac03b46e2f8b59ed4698fb4785f946d0176
pyproject_hooks==1.2.0 --hash=sha256:9e5c6bfa8dcc30091c74b0cf803c81fdd29d94f01992a7707bc97babb1141913
pytest==9.1.1 --hash=sha256:37a86b45efb9a47a61a36449063e8e18d0cab3161329fc099eb21783169c4f0c
PyYAML==6.0.3 \
    --hash=sha256:44edc647873928551a01e7a563d7452ccdebee747728c1080d881d68af7b997e \
    --hash=sha256:652cb6edd41e718550aad172851962662ff2681490a8a711af6a4d288dd96824 \
    --hash=sha256:b8bb0864c5a28024fac8a632c443c87c5aa6f215c0b126c449ae1a150412f31d \
    --hash=sha256:9f3bfb4965eb874431221a3ff3fdcddc7e74e3b07799e0e84ca4a0f867d449bf \
    --hash=sha256:7f047e29dcae44602496db43be01ad42fc6f1cc0d8cd6c83d342306c32270196 \
    --hash=sha256:fc09d0aa354569bc501d4e787133afc08552722d3ab34836a80547331bb5d4a0 \
    --hash=sha256:ba1cc08a7ccde2d2ec775841541641e4548226580ab850948cbfda66a1befcdc \
    --hash=sha256:5fcd34e47f6e0b794d17de1b4ff496c00986e1c83f7ab2fb8fcfe9616ff7477b \
    --hash=sha256:8da9669d359f02c0b91ccc01cac4a67f16afec0dac22c2ad09f46bee0697eba8 \
    --hash=sha256:2283a07e2c21a2aa78d9c4442724ec1eb15f5e42a723b99cb3d822d48f5f7ad1 \
    --hash=sha256:0f29edc409a6392443abf94b9cf89ce99889a1dd5376d94316ae5145dfedd5d6 \
    --hash=sha256:79005a0d97d5ddabfeeea4cf676af11e647e41d81c9a7722a193022accdb6b7c \
    --hash=sha256:8d1fab6bb153a416f9aeb4b8763bc0f22a5586065f86f7664fc23339fc1c1fac \
    --hash=sha256:34d5fcd24b8445fadc33f9cf348c1047101756fd760b4dacb5c3e99755703310 \
    --hash=sha256:c458b6d084f9b935061bc36216e8a69a7e293a2f1e68bf956dcd9e6cbcd143f5 \
    --hash=sha256:4a2e8cebe2ff6ab7d1050ecd59c25d4c8bd7e6f400f5f82b96557ac0abafd0ac
ruff==0.16.1 \
    --hash=sha256:58edb313b88f0c5460a26adf5f39a37a3be789494a15e3e411e35fa78b89f9a0 \
    --hash=sha256:fde5a99e2f97479af66edd6622c6d5a2a7592c77cf4153d9e4428f5eeb55b60c \
    --hash=sha256:e0d4c20532fca4f7fa609369161d968dd28f65d83dabbd61d8e9c7edbf7001f6 \
    --hash=sha256:30affbcedf59ad5703d9c91f82266e02b47739f797e1a7b6e158e5526a6dae38 \
    --hash=sha256:24e9c631573cbca9d20f1283f8f479b2afa4a8503504822bd71a293889f16743 \
    --hash=sha256:b41bdd48fb420987a9b5212e4957c26ad4abce401fa9ea9d4d85843727945f4f \
    --hash=sha256:b0d1e1393b7648079e13669de1c1f4fde06d4583e84d8fd5c1551e0a77a2aa75 \
    --hash=sha256:07bf434b1c95f4e093be4532068ef4fcf00924eb2ade8796075980902d6fd54a \
    --hash=sha256:39897739f112253ee4fdd2e8aa9a4f9ded99fb2be367d5f31dfa4ded6025584c \
    --hash=sha256:82ae3c0c0d74daf17b968a10b7b3bb3ef297ab7de0c1f749646b25e690ccb150 \
    --hash=sha256:4d5f2ed10f8242d83fc08d521301089364e3375375705356f20c0e31606ef3ef \
    --hash=sha256:a4665b309891f83f3e3c25447935f1213e9abbd4b5640af7a1f2def9f8d413c1 \
    --hash=sha256:26e9ca5c9bc3971f20d3cf18a957f52ffd6a5f6564ff15c4912a144dcac22494 \
    --hash=sha256:67e1e1e3fa4f0c82f0e36d4cd61e661f6e7a6196cb1aa92fe0828fa7b8f257cd \
    --hash=sha256:d31765e131295b8445caf301e3e8a85b34d1b9b211b4109b7ba457888b051806 \
    --hash=sha256:09b05e8b90c2cb06ad63464350e7a45e8e44a2dfe52072ebfba6666ca8d3f596 \
    --hash=sha256:dbaadaac38c70239f056d306b7476f246b0bf000fa6b3876402acbf5b227eaf8
setuptools==83.0.0 --hash=sha256:29b23c360f22f414dc7336bb39178cc7bcbf6021ed2733cde173f09dba19abb3
wheel==0.47.0 --hash=sha256:212281cab4dff978f6cedd499cd893e1f620791ca6ff7107cf270781e587eced
