# PACIFY-X release and CI toolchain for every supported CPython/runner combination.
# Versions are exact; hashes allow only the matching Windows, Linux, or macOS wheels.
build==1.5.0 --hash=sha256:13f3eecb844759ab66efec90ca17639bbf14dc06cb2fdf37a9010322d9c50a6f
colorama==0.4.6 --hash=sha256:4f1d9991f5acc0ca119f9d443620b77f9d6b33703e51011c16baf57afb285fc6
coverage==7.14.2 \
    --hash=sha256:909f265c8c41f04c824bf741b2601fdcb56cab4bf56e018996b6494192ba0f58 \
    --hash=sha256:c8102deaf911938233f760426e6a5e287388521de95111d5c8de26c8a1028924 \
    --hash=sha256:04cb445bed86aaf00aaa97d41a8b6e30f100f21e81c34caaec4efc684cb57768 \
    --hash=sha256:e715909b0966d1774d8a26e14e2f4a3ae75909dca526901c6306286b2dcbfbdc \
    --hash=sha256:37c94712e533ea06f0b1e4d934811c520b1914ce0e4da3916220717aa7a86bc6 \
    --hash=sha256:c050bbc7bba94c77e4ed7438f4fda1babe98ab145691d80aa6f60df934a1468b \
    --hash=sha256:8b4910cce599cd2438f8da65f5ef199a70a1cdb6ab314926df78271ca5954240 \
    --hash=sha256:d32e5ca5f16dafb269ee50b60d32b00c704b3f6f78e238105f1d94a3a5f24bf5 \
    --hash=sha256:e5f077641a6713ce9d38df9e85d4fb9e008677fc0775cbaeb32ddfc3b319d4ca \
    --hash=sha256:0907f39b49ae818fe8af50aaa0f19afbc8ca164aea0865181ca7af17a3ac690b \
    --hash=sha256:1d9a1b5813d00ea6151f6ccf64d1fa16892771dfdda12ba87162d15ec4ea3e1e \
    --hash=sha256:039b264cdb31c44b48f9821e2afbf8f37df49e0fb837e24a942918b36c567e31 \
    --hash=sha256:7a0d1f026b72d627fa5c8a57cbc86ad209b64aa2a65833c83b290ace5cbee126 \
    --hash=sha256:4d2b86f81c1c9310a7e774e3cc9e927a3d0bf583ecbfa01498dd626930025428 \
    --hash=sha256:cda36d8e7bfd63b3e44e75163265429caa5d935b672b00f71bccc8c010518c64 \
    --hash=sha256:d8429bf97906bfe6c61f9dbfb3342e0d88120da61939da8bd04f830cc3eab3b8 \
    --hash=sha256:04d92589e481a8b68a005a5a1e0646a91c76f322c397c4635298c57cf63699b5
iniconfig==2.3.0 --hash=sha256:f631c04d2c48c52b84d0d0549c99ff3859c98df65b3101406327ecc7d53fbf12
packaging==26.2 --hash=sha256:5fc45236b9446107ff2415ce77c807cee2862cb6fac22b8a73826d0693b0980e
pluggy==1.6.0 --hash=sha256:e920276dd6813095e9377c0bc5566d94c932c33b27a3e3945d8389c374dd4746
Pygments==2.20.0 --hash=sha256:81a9e26dd42fd28a23a2d169d86d7ac03b46e2f8b59ed4698fb4785f946d0176
pyproject_hooks==1.2.0 --hash=sha256:9e5c6bfa8dcc30091c74b0cf803c81fdd29d94f01992a7707bc97babb1141913
pytest==9.0.2 --hash=sha256:711ffd45bf766d5264d487b917733b453d917afd2b0ad65223959f59089f875b
PyYAML==6.0.3 \
    --hash=sha256:44edc647873928551a01e7a563d7452ccdebee747728c1080d881d68af7b997e \
    --hash=sha256:652cb6edd41e718550aad172851962662ff2681490a8a711af6a4d288dd96824 \
    --hash=sha256:b8bb0864c5a28024fac8a632c443c87c5aa6f215c0b126c449ae1a150412f31d \
    --hash=sha256:9f3bfb4965eb874431221a3ff3fdcddc7e74e3b07799e0e84ca4a0f867d449bf \
    --hash=sha256:7f047e29dcae44602496db43be01ad42fc6f1cc0d8cd6c83d342306c32270196 \
    --hash=sha256:fc09d0aa354569bc501d4e787133afc08552722d3ab34836a80547331bb5d4a0 \
    --hash=sha256:ba1cc08a7ccde2d2ec775841541641e4548226580ab850948cbfda66a1befcdc \
    --hash=sha256:5fcd34e47f6e0b794d17de1b4ff496c00986e1c83f7ab2fb8fcfe9616ff7477b \
    --hash=sha256:8da9669d359f02c0b91ccc01cac4a67f16afec0dac22c2ad09f46bee0697eba8 \
    --hash=sha256:2283a07e2c21a2aa78d9c4442724ec1eb15f5e42a723b99cb3d822d48f5f7ad1 \
    --hash=sha256:0f29edc409a6392443abf94b9cf89ce99889a1dd5376d94316ae5145dfedd5d6 \
    --hash=sha256:79005a0d97d5ddabfeeea4cf676af11e647e41d81c9a7722a193022accdb6b7c \
    --hash=sha256:8d1fab6bb153a416f9aeb4b8763bc0f22a5586065f86f7664fc23339fc1c1fac \
    --hash=sha256:34d5fcd24b8445fadc33f9cf348c1047101756fd760b4dacb5c3e99755703310 \
    --hash=sha256:c458b6d084f9b935061bc36216e8a69a7e293a2f1e68bf956dcd9e6cbcd143f5 \
    --hash=sha256:4a2e8cebe2ff6ab7d1050ecd59c25d4c8bd7e6f400f5f82b96557ac0abafd0ac
ruff==0.14.4 \
    --hash=sha256:d99c0b52b6f0598acede45ee78288e5e9b4409d1ce7f661f0fa36d4cbeadf9a4 \
    --hash=sha256:9358d490ec030f1b51d048a7fd6ead418ed0826daf6149e95e30aa67c168af33 \
    --hash=sha256:456daa2fa1021bc86ca857f43fe29d5d8b3f0e55e9f90c58c317c1dcc2afc7b5 \
    --hash=sha256:26673da283b96fe35fa0c939bf8411abec47111644aa9f7cfbd3c573fb125d2c
setuptools==81.0.0 --hash=sha256:fdd925d5c5d9f62e4b74b30d6dd7828ce236fd6ed998a08d81de62ce5a6310d6
wheel==0.47.0 --hash=sha256:212281cab4dff978f6cedd499cd893e1f620791ca6ff7107cf270781e587eced
