0{"acquired_unix_ns":1787423634515544000,"acquired_utc":"2026-08-22T18:33:54.515544+00:00","heartbeat_unix_ns":1787423634515544000,"heartbeat_utc":"2026-08-22T18:33:54.515544+00:00","hostname":"DESKTOP-8JV854D","pid":30844,"process_start_fingerprint":"e2beb56ccc862551092eeb730564a526aef0b0e6c5d43d93d2f8bac23f820126","released_unix_ns":1787423636621031400,"released_utc":"2026-08-22T18:33:56.621031+00:00","schema_version":"1.0","state":"released","token":"e4c6f5f409fbf56e1220b5a1eace3edf"}