0{"acquired_unix_ns":1786896393607781100,"acquired_utc":"2026-08-16T16:06:33.607781+00:00","heartbeat_unix_ns":1786896393607781100,"heartbeat_utc":"2026-08-16T16:06:33.607781+00:00","hostname":"DESKTOP-8JV854D","pid":11420,"process_start_fingerprint":"596a072475f0e98cea2dcaceeac54dcb8764bf75ce835cf3773d7810f7311c3c","released_unix_ns":1786896394165074100,"released_utc":"2026-08-16T16:06:34.165074+00:00","schema_version":"1.0","state":"released","token":"3352fe3621ced8c487a31759e26746c2"}