0{"acquired_unix_ns":1787405879107328000,"acquired_utc":"2026-08-22T13:37:59.107328+00:00","heartbeat_unix_ns":1787405879107328000,"heartbeat_utc":"2026-08-22T13:37:59.107328+00:00","hostname":"DESKTOP-8JV854D","pid":31320,"process_start_fingerprint":"41fe032e9706f4ab00e9a2f8c4546deb3d105bbb669a676ebb524f61845198eb","released_unix_ns":1787405880072074500,"released_utc":"2026-08-22T13:38:00.072074+00:00","schema_version":"1.0","state":"released","token":"6a165adb09e7c5ec53bff4baea827a64"}