0{"acquired_unix_ns":1787405879017733500,"acquired_utc":"2026-08-22T13:37:59.017734+00:00","heartbeat_unix_ns":1787405879017733500,"heartbeat_utc":"2026-08-22T13:37:59.017734+00:00","hostname":"DESKTOP-8JV854D","pid":31320,"process_start_fingerprint":"41fe032e9706f4ab00e9a2f8c4546deb3d105bbb669a676ebb524f61845198eb","released_unix_ns":1787405879044625600,"released_utc":"2026-08-22T13:37:59.044626+00:00","schema_version":"1.0","state":"released","token":"de1c56d4cf6b9ac72f73c19ec30c5467"}