0{"acquired_unix_ns":1786847636653900600,"acquired_utc":"2026-08-16T02:33:56.653901+00:00","heartbeat_unix_ns":1786847636653900600,"heartbeat_utc":"2026-08-16T02:33:56.653901+00:00","hostname":"DESKTOP-8JV854D","pid":6584,"process_start_fingerprint":"0dccfe1221a7d2a812f6286eaccdebcda34dc8d3aee258603ab287be95b2f9d2","released_unix_ns":1786847636667760800,"released_utc":"2026-08-16T02:33:56.667761+00:00","schema_version":"1.0","state":"released","token":"af8ffc1a146e9da28111b4ebf79cc770"}