0{"acquired_unix_ns":1786717288823728800,"acquired_utc":"2026-08-14T14:21:28.823729+00:00","heartbeat_unix_ns":1786717288823728800,"heartbeat_utc":"2026-08-14T14:21:28.823729+00:00","hostname":"DESKTOP-8JV854D","pid":20452,"process_start_fingerprint":"a719f580f00414a1b94998ffa60f0ee1bb1bb92fc8f0e919405d239a9e1d7d94","released_unix_ns":1786717288835198300,"released_utc":"2026-08-14T14:21:28.835198+00:00","schema_version":"1.0","state":"released","token":"53dbd2e1af926b2f5f14c5aa892f42ae"}