0{"acquired_unix_ns":1786505601588729400,"acquired_utc":"2026-08-12T03:33:21.588729+00:00","heartbeat_unix_ns":1786505601588729400,"heartbeat_utc":"2026-08-12T03:33:21.588729+00:00","hostname":"DESKTOP-8JV854D","pid":31560,"process_start_fingerprint":"f050b9d79a7685b98bb3db5138434cdb8fde3b04e8d3a2da3c436f3ea376b5be","released_unix_ns":1786505601608313700,"released_utc":"2026-08-12T03:33:21.608314+00:00","schema_version":"1.0","state":"released","token":"88c4bc60f58d5b38e64ae50dd3fdea2a"}