0{"acquired_unix_ns":1787373307480275100,"acquired_utc":"2026-08-22T04:35:07.480275+00:00","heartbeat_unix_ns":1787373307480275100,"heartbeat_utc":"2026-08-22T04:35:07.480275+00:00","hostname":"DESKTOP-8JV854D","pid":23052,"process_start_fingerprint":"6745e9a36b0503e90d92453ec577a0747ef59a9def5e81e55583832e63545c0f","released_unix_ns":1787373307507711100,"released_utc":"2026-08-22T04:35:07.507711+00:00","schema_version":"1.0","state":"released","token":"8d4c0d05b36909346702715cf1f202bc"}