0{"acquired_unix_ns":1787253622586068000,"acquired_utc":"2026-08-20T19:20:22.586068+00:00","heartbeat_unix_ns":1787253622586068000,"heartbeat_utc":"2026-08-20T19:20:22.586068+00:00","hostname":"DESKTOP-8JV854D","pid":32372,"process_start_fingerprint":"ee37e04bf2823dd11d661e33f6a944604197d9269c0e004dafcc4f830b870aad","released_unix_ns":1787253622596596100,"released_utc":"2026-08-20T19:20:22.596596+00:00","schema_version":"1.0","state":"released","token":"d773e3dd3fe8c74e0e5f2d699d790bce"}