0{"acquired_unix_ns":1787399267507311800,"acquired_utc":"2026-08-22T11:47:47.507312+00:00","heartbeat_unix_ns":1787399267507311800,"heartbeat_utc":"2026-08-22T11:47:47.507312+00:00","hostname":"DESKTOP-8JV854D","pid":31724,"process_start_fingerprint":"a8a4a8d2b6ee76d82aa70addb1a6de46541da7a64eb3172798ab949f808c7086","released_unix_ns":1787399267517880500,"released_utc":"2026-08-22T11:47:47.517880+00:00","schema_version":"1.0","state":"released","token":"f17ff8fe7ec68463b7e460c5c094ed49"}