0{"acquired_unix_ns":1787253624950545100,"acquired_utc":"2026-08-20T19:20:24.950545+00:00","heartbeat_unix_ns":1787253624950545100,"heartbeat_utc":"2026-08-20T19:20:24.950545+00:00","hostname":"DESKTOP-8JV854D","pid":31352,"process_start_fingerprint":"a8c16fd1ba16eec4c9ec1863324df3c9c57857804cfea69224450d819ee9e0bd","released_unix_ns":1787253624967717700,"released_utc":"2026-08-20T19:20:24.967718+00:00","schema_version":"1.0","state":"released","token":"4de431b158801f676ad1bbea9f5ba46b"}