0{"acquired_unix_ns":1787335334294659400,"acquired_utc":"2026-08-21T18:02:14.294659+00:00","heartbeat_unix_ns":1787335334294659400,"heartbeat_utc":"2026-08-21T18:02:14.294659+00:00","hostname":"DESKTOP-8JV854D","pid":11804,"process_start_fingerprint":"63ba7ab3ecf630e9de55b00ad31df3ef5f865b29d606b7ed235a66eec3e006bb","released_unix_ns":1787335334302198300,"released_utc":"2026-08-21T18:02:14.302198+00:00","schema_version":"1.0","state":"released","token":"71f3d5379eedbef3610dcf2bc77e7739"}