0{"acquired_unix_ns":1788225755186245800,"acquired_utc":"2026-09-01T01:22:35.186246+00:00","heartbeat_unix_ns":1788225755186245800,"heartbeat_utc":"2026-09-01T01:22:35.186246+00:00","hostname":"DESKTOP-8JV854D","pid":4768,"process_start_fingerprint":"644982c05c2fea683a58dc416437ac354f9260fb339adeac6d5af0b65df4ad2a","released_unix_ns":1788225755212445800,"released_utc":"2026-09-01T01:22:35.212446+00:00","schema_version":"1.0","state":"released","token":"94774a9577d22a4269f5a7cbb67bdfff"}