0{"acquired_unix_ns":1788973857955221500,"acquired_utc":"2026-09-09T17:10:57.955221+00:00","heartbeat_unix_ns":1788973857955221500,"heartbeat_utc":"2026-09-09T17:10:57.955221+00:00","hostname":"DESKTOP-8JV854D","pid":6856,"process_start_fingerprint":"9f1a073193f95ffbc965e4ac88eba513905cc77db1640eebe5992cae73935534","released_unix_ns":1788973857972550800,"released_utc":"2026-09-09T17:10:57.972551+00:00","schema_version":"1.0","state":"released","token":"0fd1edf91fac5dd64ca61c28a63331e2"}