0{"acquired_unix_ns":1786718816602548200,"acquired_utc":"2026-08-14T14:46:56.602548+00:00","heartbeat_unix_ns":1786718816602548200,"heartbeat_utc":"2026-08-14T14:46:56.602548+00:00","hostname":"DESKTOP-8JV854D","pid":28096,"process_start_fingerprint":"6e1bb31f1131f5033083ed0c8bf56c6c083c8906e6f3e33edbf501847b870c7b","released_unix_ns":1786718816613974200,"released_utc":"2026-08-14T14:46:56.613974+00:00","schema_version":"1.0","state":"released","token":"688e2ddf60bae914d8c0781b63e8ad75"}