0{"acquired_unix_ns":1789888380565799600,"acquired_utc":"2026-09-20T07:13:00.565800+00:00","heartbeat_unix_ns":1789888380565799600,"heartbeat_utc":"2026-09-20T07:13:00.565800+00:00","hostname":"DESKTOP-8JV854D","pid":23864,"process_start_fingerprint":"6366c0f2fca0b67321a7d38039cbca0e72d025545f5b3a2365cc407c49b11b0d","released_unix_ns":1789888380574476100,"released_utc":"2026-09-20T07:13:00.574476+00:00","schema_version":"1.0","state":"released","token":"74c2248dfbadfe2f941c420d9f4878dc"}