0{"acquired_unix_ns":1790471584543276000,"acquired_utc":"2026-09-27T01:13:04.543276+00:00","heartbeat_unix_ns":1790471584543276000,"heartbeat_utc":"2026-09-27T01:13:04.543276+00:00","hostname":"DESKTOP-8JV854D","pid":6008,"process_start_fingerprint":"dcba9a3c5f42576d2c6e9cb395670d76c6be711574eb82560e1e389a77353599","released_unix_ns":1790471584549706800,"released_utc":"2026-09-27T01:13:04.549707+00:00","schema_version":"1.0","state":"released","token":"5740ae09e6258f0725f83774526e98ae"}