0{"acquired_unix_ns":1789811675797228600,"acquired_utc":"2026-09-19T09:54:35.797229+00:00","heartbeat_unix_ns":1789811675797228600,"heartbeat_utc":"2026-09-19T09:54:35.797229+00:00","hostname":"DESKTOP-8JV854D","pid":33824,"process_start_fingerprint":"b83aa3bbb7e4eb2f20d6648c722a20d1626db8d2900849acbe677f53398521ab","released_unix_ns":1789811675835157100,"released_utc":"2026-09-19T09:54:35.835157+00:00","schema_version":"1.0","state":"released","token":"1e3045d081757364233233a0c6f3a70b"}