0{"acquired_unix_ns":1790533617942999500,"acquired_utc":"2026-09-27T18:26:57.943000+00:00","heartbeat_unix_ns":1790533617942999500,"heartbeat_utc":"2026-09-27T18:26:57.943000+00:00","hostname":"DESKTOP-8JV854D","pid":19700,"process_start_fingerprint":"55cbb7dcab87d61f2bbc0620f7f709e8394752320a5ebb585d24a27f31401181","released_unix_ns":1790533617948999100,"released_utc":"2026-09-27T18:26:57.948999+00:00","schema_version":"1.0","state":"released","token":"db7ff41d91b9555431dfd567250e78d6"}