0{"acquired_unix_ns":1789888408719289500,"acquired_utc":"2026-09-20T07:13:28.719290+00:00","heartbeat_unix_ns":1789888408719289500,"heartbeat_utc":"2026-09-20T07:13:28.719290+00:00","hostname":"DESKTOP-8JV854D","pid":31892,"process_start_fingerprint":"b0ca6a23bbcbf51fc3dcffd3ca2eeaaa0c7dcd43ddebcbf13ba237ad22a32cce","released_unix_ns":1789888408728067200,"released_utc":"2026-09-20T07:13:28.728067+00:00","schema_version":"1.0","state":"released","token":"8caab1e409c6b2b95ba16d343a20e4cc"}