0{"acquired_unix_ns":1790385604766537900,"acquired_utc":"2026-09-26T01:20:04.766538+00:00","heartbeat_unix_ns":1790385604766537900,"heartbeat_utc":"2026-09-26T01:20:04.766538+00:00","hostname":"DESKTOP-8JV854D","pid":19636,"process_start_fingerprint":"91f301f31c6653ef3ca7be963d54ae73f2f515b85cfe58e53167a2edc6cfc0c5","released_unix_ns":1790385604775062200,"released_utc":"2026-09-26T01:20:04.775062+00:00","schema_version":"1.0","state":"released","token":"425b8cfd9b8c0fe3bba933052df0b45e"}