0{"acquired_unix_ns":1789802841449555300,"acquired_utc":"2026-09-19T07:27:21.449555+00:00","heartbeat_unix_ns":1789802841449555300,"heartbeat_utc":"2026-09-19T07:27:21.449555+00:00","hostname":"DESKTOP-8JV854D","pid":34420,"process_start_fingerprint":"e7cb3c38337b22c700f515da014af144cc8857c9d12c85ca9566b0dfa1303fcf","released_unix_ns":1789802841459848500,"released_utc":"2026-09-19T07:27:21.459848+00:00","schema_version":"1.0","state":"released","token":"1f97334733803d0badd50472fa62ddf2"}