0{"acquired_unix_ns":1790221761065168600,"acquired_utc":"2026-09-24T03:49:21.065169+00:00","heartbeat_unix_ns":1790221761065168600,"heartbeat_utc":"2026-09-24T03:49:21.065169+00:00","hostname":"DESKTOP-8JV854D","pid":24444,"process_start_fingerprint":"adc8672295ff53887aa6a6073d3e582e584557a97a298b28cd7c90d449b6f6b2","released_unix_ns":1790221761071579800,"released_utc":"2026-09-24T03:49:21.071580+00:00","schema_version":"1.0","state":"released","token":"152d08e8295d2bdc2e518be7ea717899"}