0{"acquired_unix_ns":1790521447359811300,"acquired_utc":"2026-09-27T15:04:07.359811+00:00","heartbeat_unix_ns":1790521447359811300,"heartbeat_utc":"2026-09-27T15:04:07.359811+00:00","hostname":"DESKTOP-8JV854D","pid":21244,"process_start_fingerprint":"f46831cae58cd72fca57d608eb4b476ca46b5444b99df000e960036404b52629","released_unix_ns":1790521447365834200,"released_utc":"2026-09-27T15:04:07.365834+00:00","schema_version":"1.0","state":"released","token":"c5349e09a6d33ec7d4c135d79faa7e51"}