0{"acquired_unix_ns":1790221670873425900,"acquired_utc":"2026-09-24T03:47:50.873426+00:00","heartbeat_unix_ns":1790221670873425900,"heartbeat_utc":"2026-09-24T03:47:50.873426+00:00","hostname":"DESKTOP-8JV854D","pid":14576,"process_start_fingerprint":"63afe290d593ad7a366c40ab3857577a9f863f21be3a4df5b35c4c87d3f02989","released_unix_ns":1790221670891399300,"released_utc":"2026-09-24T03:47:50.891399+00:00","schema_version":"1.0","state":"released","token":"1a4e5d9a381f3c55562db972ca4597cb"}