0{"acquired_unix_ns":1789802873803500500,"acquired_utc":"2026-09-19T07:27:53.803500+00:00","heartbeat_unix_ns":1789802873803500500,"heartbeat_utc":"2026-09-19T07:27:53.803500+00:00","hostname":"DESKTOP-8JV854D","pid":34532,"process_start_fingerprint":"9e0ceb55de16aa98c26b87892dad54a3e3cbd76bd742aeec2b18f7e43eb5820d","released_unix_ns":1789802873814407700,"released_utc":"2026-09-19T07:27:53.814408+00:00","schema_version":"1.0","state":"released","token":"a987865621121dbac8f8c348cf34ba3f"}