0{"acquired_unix_ns":1790619754408338100,"acquired_utc":"2026-09-28T18:22:34.408338+00:00","heartbeat_unix_ns":1790619754408338100,"heartbeat_utc":"2026-09-28T18:22:34.408338+00:00","hostname":"DESKTOP-8JV854D","pid":20776,"process_start_fingerprint":"93269dfb5498aa9bea5aa04e773e1b64163a7bed094ccff212fad12dfbe5fb3e","released_unix_ns":1790619754413943700,"released_utc":"2026-09-28T18:22:34.413944+00:00","schema_version":"1.0","state":"released","token":"6477c9cd4af6992daf8da703cb6d7a73"}