0{"acquired_unix_ns":1790443026523709500,"acquired_utc":"2026-09-26T17:17:06.523710+00:00","heartbeat_unix_ns":1790443026523709500,"heartbeat_utc":"2026-09-26T17:17:06.523710+00:00","hostname":"DESKTOP-8JV854D","pid":30888,"process_start_fingerprint":"5719c60d6ebc80f7d509a88f0f293b4b52db5003396d2a308d2d328ca246b584","released_unix_ns":1790443026529822800,"released_utc":"2026-09-26T17:17:06.529823+00:00","schema_version":"1.0","state":"released","token":"abbf1fa9c2f07147a6f8041c3932b945"}