0{"acquired_unix_ns":1789888589624079000,"acquired_utc":"2026-09-20T07:16:29.624079+00:00","heartbeat_unix_ns":1789888589624079000,"heartbeat_utc":"2026-09-20T07:16:29.624079+00:00","hostname":"DESKTOP-8JV854D","pid":35564,"process_start_fingerprint":"6cfc7d3c93f7470e87424de59be0aba6a0b7b1d5f0a5a25e8d969e6e67f05295","released_unix_ns":1789888589632896200,"released_utc":"2026-09-20T07:16:29.632896+00:00","schema_version":"1.0","state":"released","token":"0a5bf44b0451a88943231a844cff782d"}