0{"acquired_unix_ns":1789804226758969600,"acquired_utc":"2026-09-19T07:50:26.758970+00:00","heartbeat_unix_ns":1789804226758969600,"heartbeat_utc":"2026-09-19T07:50:26.758970+00:00","hostname":"DESKTOP-8JV854D","pid":36736,"process_start_fingerprint":"53016b22cd61fcd993f83f83e6b0143b66e2ab0447e536d326a1da53f3810381","released_unix_ns":1789804226769141000,"released_utc":"2026-09-19T07:50:26.769141+00:00","schema_version":"1.0","state":"released","token":"6af9739ff673738846667004136da861"}