0{"acquired_unix_ns":1790620097401432400,"acquired_utc":"2026-09-28T18:28:17.401433+00:00","heartbeat_unix_ns":1790620097401432400,"heartbeat_utc":"2026-09-28T18:28:17.401433+00:00","hostname":"DESKTOP-8JV854D","pid":22760,"process_start_fingerprint":"3d982e238139c294a0c4c6a2c02264175a5b332053abf9fe0dc4dae3c5312475","released_unix_ns":1790620097407751600,"released_utc":"2026-09-28T18:28:17.407752+00:00","schema_version":"1.0","state":"released","token":"1a37cba2d265e33174c34b6db462249f"}