0{"acquired_unix_ns":1790413255692743900,"acquired_utc":"2026-09-26T09:00:55.692744+00:00","heartbeat_unix_ns":1790413255692743900,"heartbeat_utc":"2026-09-26T09:00:55.692744+00:00","hostname":"DESKTOP-8JV854D","pid":26172,"process_start_fingerprint":"4f3b9d8efe2ac7d86e77d81ad588c8f956f428c7d0e0e64afafaa15ac1e02564","released_unix_ns":1790413255700593100,"released_utc":"2026-09-26T09:00:55.700593+00:00","schema_version":"1.0","state":"released","token":"891b6831333157ae82bf914e36141cd4"}