0{"acquired_unix_ns":1790666933332891300,"acquired_utc":"2026-09-29T07:28:53.332891+00:00","heartbeat_unix_ns":1790666933332891300,"heartbeat_utc":"2026-09-29T07:28:53.332891+00:00","hostname":"DESKTOP-8JV854D","pid":17948,"process_start_fingerprint":"b319e60e104b70ad685ed83437222f7fc3d630b697c69032ca5f6bae2d6eda84","released_unix_ns":1790666933339405000,"released_utc":"2026-09-29T07:28:53.339405+00:00","schema_version":"1.0","state":"released","token":"1c01f96c322fee22d7a91150cc8af5dc"}