0{"acquired_unix_ns":1787253626891771800,"acquired_utc":"2026-08-20T19:20:26.891772+00:00","heartbeat_unix_ns":1787253626891771800,"heartbeat_utc":"2026-08-20T19:20:26.891772+00:00","hostname":"DESKTOP-8JV854D","pid":30304,"process_start_fingerprint":"a9af48072b92fa91ea764dd98203e72d989fb400680fe625418115ea9b5829bc","released_unix_ns":1787253626904998200,"released_utc":"2026-08-20T19:20:26.904998+00:00","schema_version":"1.0","state":"released","token":"6353e87a5215cb6845b2443ec496ca32"}