0{"acquired_unix_ns":1787399271872314800,"acquired_utc":"2026-08-22T11:47:51.872315+00:00","heartbeat_unix_ns":1787399271872314800,"heartbeat_utc":"2026-08-22T11:47:51.872315+00:00","hostname":"DESKTOP-8JV854D","pid":25764,"process_start_fingerprint":"9e4038d2eb478ed9ce29cfb129297be6004375b2710db6b6965123ecb8b975ac","released_unix_ns":1787399271893013700,"released_utc":"2026-08-22T11:47:51.893014+00:00","schema_version":"1.0","state":"released","token":"c76ec1dfe07bc85d6453749976eaf2b3"}