0{"acquired_unix_ns":1790618184736184200,"acquired_utc":"2026-09-28T17:56:24.736184+00:00","heartbeat_unix_ns":1790618184736184200,"heartbeat_utc":"2026-09-28T17:56:24.736184+00:00","hostname":"DESKTOP-8JV854D","pid":21332,"process_start_fingerprint":"c1d3dc68c74549aa1a6723128e8ca001ae678797e2f6e318301dd5ce32b0a01b","released_unix_ns":1790618184741686500,"released_utc":"2026-09-28T17:56:24.741687+00:00","schema_version":"1.0","state":"released","token":"b76e8929eb46660560c6259b3de08bc3"}