0{"acquired_unix_ns":1790553386630195900,"acquired_utc":"2026-09-27T23:56:26.630196+00:00","heartbeat_unix_ns":1790553386630195900,"heartbeat_utc":"2026-09-27T23:56:26.630196+00:00","hostname":"DESKTOP-8JV854D","pid":3832,"process_start_fingerprint":"3f66e968b2fc4747f92af4e48b296c6cf1d58ecccad363f287ffc46d2afc2040","released_unix_ns":1790553386636345500,"released_utc":"2026-09-27T23:56:26.636345+00:00","schema_version":"1.0","state":"released","token":"00a254102505c7ee45f33a13f65ae47a"}