0{"acquired_unix_ns":1790554097075497700,"acquired_utc":"2026-09-28T00:08:17.075498+00:00","heartbeat_unix_ns":1790554097075497700,"heartbeat_utc":"2026-09-28T00:08:17.075498+00:00","hostname":"DESKTOP-8JV854D","pid":3832,"process_start_fingerprint":"3f66e968b2fc4747f92af4e48b296c6cf1d58ecccad363f287ffc46d2afc2040","released_unix_ns":1790554097083569900,"released_utc":"2026-09-28T00:08:17.083570+00:00","schema_version":"1.0","state":"released","token":"661584c5fff65b089317666fbd5c8b27"}