0{"acquired_unix_ns":1790668459248922400,"acquired_utc":"2026-09-29T07:54:19.248922+00:00","heartbeat_unix_ns":1790668459248922400,"heartbeat_utc":"2026-09-29T07:54:19.248922+00:00","hostname":"DESKTOP-8JV854D","pid":30676,"process_start_fingerprint":"c904453cc01b18b4178debdd91b1ec513c00055bb8034966ada18595edf16b4d","released_unix_ns":1790668459257531700,"released_utc":"2026-09-29T07:54:19.257532+00:00","schema_version":"1.0","state":"released","token":"78d3107d8318d521f5c7372f547dc266"}