0{"acquired_unix_ns":1790621464314102300,"acquired_utc":"2026-09-28T18:51:04.314102+00:00","heartbeat_unix_ns":1790621464314102300,"heartbeat_utc":"2026-09-28T18:51:04.314102+00:00","hostname":"DESKTOP-8JV854D","pid":12564,"process_start_fingerprint":"ea641fae9d37213b920ed3ebabaa7dffdcd2a57904e0e2f322a06f0814aa7b1e","released_unix_ns":1790621464322437000,"released_utc":"2026-09-28T18:51:04.322437+00:00","schema_version":"1.0","state":"released","token":"9c8baaa3c55d4215922716d5b8a1c736"}