0{"acquired_unix_ns":1790667547773348100,"acquired_utc":"2026-09-29T07:39:07.773348+00:00","heartbeat_unix_ns":1790667547773348100,"heartbeat_utc":"2026-09-29T07:39:07.773348+00:00","hostname":"DESKTOP-8JV854D","pid":30676,"process_start_fingerprint":"c904453cc01b18b4178debdd91b1ec513c00055bb8034966ada18595edf16b4d","released_unix_ns":1790667547781118500,"released_utc":"2026-09-29T07:39:07.781118+00:00","schema_version":"1.0","state":"released","token":"9d3c21d313ae99f512322e02e139e914"}