0{"acquired_unix_ns":1790552004303556300,"acquired_utc":"2026-09-27T23:33:24.303556+00:00","heartbeat_unix_ns":1790552004303556300,"heartbeat_utc":"2026-09-27T23:33:24.303556+00:00","hostname":"DESKTOP-8JV854D","pid":3832,"process_start_fingerprint":"3f66e968b2fc4747f92af4e48b296c6cf1d58ecccad363f287ffc46d2afc2040","released_unix_ns":1790552004309304600,"released_utc":"2026-09-27T23:33:24.309305+00:00","schema_version":"1.0","state":"released","token":"361ae1cd69027fa7df53b61278316156"}