0{"acquired_unix_ns":1790620985132016500,"acquired_utc":"2026-09-28T18:43:05.132016+00:00","heartbeat_unix_ns":1790620985132016500,"heartbeat_utc":"2026-09-28T18:43:05.132016+00:00","hostname":"DESKTOP-8JV854D","pid":12564,"process_start_fingerprint":"ea641fae9d37213b920ed3ebabaa7dffdcd2a57904e0e2f322a06f0814aa7b1e","released_unix_ns":1790620985137585200,"released_utc":"2026-09-28T18:43:05.137585+00:00","schema_version":"1.0","state":"released","token":"ca4e36ffae6a13408091263e52aa0056"}