0{"acquired_unix_ns":1790621064969508200,"acquired_utc":"2026-09-28T18:44:24.969508+00:00","heartbeat_unix_ns":1790621064969508200,"heartbeat_utc":"2026-09-28T18:44:24.969508+00:00","hostname":"DESKTOP-8JV854D","pid":12564,"process_start_fingerprint":"ea641fae9d37213b920ed3ebabaa7dffdcd2a57904e0e2f322a06f0814aa7b1e","released_unix_ns":1790621064975603000,"released_utc":"2026-09-28T18:44:24.975603+00:00","schema_version":"1.0","state":"released","token":"f104114f2d7b0cd1c2879ec5593fec53"}