0{"acquired_unix_ns":1790672542299334100,"acquired_utc":"2026-09-29T09:02:22.299334+00:00","heartbeat_unix_ns":1790672542299334100,"heartbeat_utc":"2026-09-29T09:02:22.299334+00:00","hostname":"DESKTOP-8JV854D","pid":28604,"process_start_fingerprint":"fa48e0321e118c9993edbd2bf4aec5015f575ac5ac6698eaff631bb2d52d877f","released_unix_ns":1790672542307845700,"released_utc":"2026-09-29T09:02:22.307846+00:00","schema_version":"1.0","state":"released","token":"1ec60c11523242d64a4441704621cb0c"}