0{"acquired_unix_ns":1790668297310711700,"acquired_utc":"2026-09-29T07:51:37.310712+00:00","heartbeat_unix_ns":1790668297310711700,"heartbeat_utc":"2026-09-29T07:51:37.310712+00:00","hostname":"DESKTOP-8JV854D","pid":30676,"process_start_fingerprint":"c904453cc01b18b4178debdd91b1ec513c00055bb8034966ada18595edf16b4d","released_unix_ns":1790668297317310500,"released_utc":"2026-09-29T07:51:37.317311+00:00","schema_version":"1.0","state":"released","token":"5b6d339c5466225b88c066d73ce771dd"}