0{"acquired_unix_ns":1787399271165808200,"acquired_utc":"2026-08-22T11:47:51.165808+00:00","heartbeat_unix_ns":1787399271165808200,"heartbeat_utc":"2026-08-22T11:47:51.165808+00:00","hostname":"DESKTOP-8JV854D","pid":25764,"process_start_fingerprint":"9e4038d2eb478ed9ce29cfb129297be6004375b2710db6b6965123ecb8b975ac","released_unix_ns":1787399271185232900,"released_utc":"2026-08-22T11:47:51.185233+00:00","schema_version":"1.0","state":"released","token":"33d6323b3ed81d102e20013bc70437fc"}